speakeasyVersion: 1.794.0
sources:
    x402api-public:
        sourceNamespace: x402api-public
        sourceRevisionDigest: sha256:bab8bbe90e158fd310ed786aacf9da5fdfc778c708134a5d1ca904e03b310bd8
        sourceBlobDigest: sha256:ab6672d1225e7628b6da58b739f155c6f1aeafc4e9db64fbeaffac70d3afee0f
        tags:
            - latest
            - sdk-v1.4.0-7387674e566a
targets:
    typescript:
        source: x402api-public
        sourceNamespace: x402api-public
        sourceRevisionDigest: sha256:bab8bbe90e158fd310ed786aacf9da5fdfc778c708134a5d1ca904e03b310bd8
        sourceBlobDigest: sha256:ab6672d1225e7628b6da58b739f155c6f1aeafc4e9db64fbeaffac70d3afee0f
workflow:
    workflowVersion: 1.0.0
    speakeasyVersion: 1.794.0
    sources:
        x402api-public:
            inputs:
                - location: registry.speakeasyapi.dev/x402api-com-t3t/x402api-com/x402api-public@$TAG
            registry:
                location: registry.speakeasyapi.dev/x402api-com-t3t/x402api-com/x402api-public
    targets:
        typescript:
            target: typescript
            source: x402api-public
            output: .
