speakeasyVersion: 1.794.0
sources:
    x402api-public:
        sourceNamespace: x402api-public
        sourceRevisionDigest: sha256:85063468734dcba5551cdc305a575d967e6010a965a5d012534c465a28d00470
        sourceBlobDigest: sha256:ab34245502557af4ec49c74c07dc81580caa58241c0fde7751e7342b5db18a94
        tags:
            - latest
targets:
    typescript:
        source: x402api-public
        sourceNamespace: x402api-public
        sourceRevisionDigest: sha256:85063468734dcba5551cdc305a575d967e6010a965a5d012534c465a28d00470
        sourceBlobDigest: sha256:ab34245502557af4ec49c74c07dc81580caa58241c0fde7751e7342b5db18a94
workflow:
    workflowVersion: 1.0.0
    speakeasyVersion: 1.794.0
    sources:
        x402api-public:
            inputs:
                - location: registry.speakeasyapi.dev/x402api-com-t3t/x402api-com/x402api-public@$TAG
            registry:
                location: registry.speakeasyapi.dev/x402api-com-t3t/x402api-com/x402api-public
    targets:
        typescript:
            target: typescript
            source: x402api-public
            output: .
